// !$*UTF8*$!
{
	archiveVersion = 1;
	classes = {};
	objectVersion = 56;
	objects = {

/* Begin PBXBuildFile section */
		BA0000000000000000000101 /* BookAtlasApp.swift in Sources */ = {isa = PBXBuildFile; fileRef = BA0000000000000000000010 /* BookAtlasApp.swift */; };
		BA0000000000000000000102 /* AppNavigation.swift in Sources */ = {isa = PBXBuildFile; fileRef = BA0000000000000000000011 /* AppNavigation.swift */; };
		BA0000000000000000000103 /* AppShellView.swift in Sources */ = {isa = PBXBuildFile; fileRef = BA0000000000000000000012 /* AppShellView.swift */; };
		BA0000000000000000000104 /* LibraryPlaceholderView.swift in Sources */ = {isa = PBXBuildFile; fileRef = BA0000000000000000000013 /* LibraryPlaceholderView.swift */; };
		BA0000000000000000000105 /* CollectionsPlaceholderView.swift in Sources */ = {isa = PBXBuildFile; fileRef = BA0000000000000000000014 /* CollectionsPlaceholderView.swift */; };
		BA0000000000000000000106 /* TagsPlaceholderView.swift in Sources */ = {isa = PBXBuildFile; fileRef = BA0000000000000000000015 /* TagsPlaceholderView.swift */; };
		BA0000000000000000000107 /* GraphPlaceholderView.swift in Sources */ = {isa = PBXBuildFile; fileRef = BA0000000000000000000016 /* GraphPlaceholderView.swift */; };
		BA0000000000000000000108 /* SettingsPlaceholderView.swift in Sources */ = {isa = PBXBuildFile; fileRef = BA0000000000000000000017 /* SettingsPlaceholderView.swift */; };
		BA0000000000000000000109 /* BookAtlasDesign.swift in Sources */ = {isa = PBXBuildFile; fileRef = BA0000000000000000000018 /* BookAtlasDesign.swift */; };
		BA0000000000000000000110 /* PlaceholderViews.swift in Sources */ = {isa = PBXBuildFile; fileRef = BA0000000000000000000019 /* PlaceholderViews.swift */; };
		BA0000000000000000000111 /* AppNavigationTests.swift in Sources */ = {isa = PBXBuildFile; fileRef = BA0000000000000000000022 /* AppNavigationTests.swift */; };
		BA0000000000000000000112 /* BookAtlasUITests.swift in Sources */ = {isa = PBXBuildFile; fileRef = BA0000000000000000000024 /* BookAtlasUITests.swift */; };
		BA0000000000000000000113 /* LibraryDomain.swift in Sources */ = {isa = PBXBuildFile; fileRef = BA0000000000000000000034 /* LibraryDomain.swift */; };
		BA0000000000000000000114 /* SQLiteDatabase.swift in Sources */ = {isa = PBXBuildFile; fileRef = BA0000000000000000000035 /* SQLiteDatabase.swift */; };
		BA0000000000000000000115 /* LibraryRepository.swift in Sources */ = {isa = PBXBuildFile; fileRef = BA0000000000000000000036 /* LibraryRepository.swift */; };
		BA0000000000000000000116 /* FictionalLibraryFixtures.swift in Sources */ = {isa = PBXBuildFile; fileRef = BA0000000000000000000038 /* FictionalLibraryFixtures.swift */; };
		BA0000000000000000000117 /* LibraryDomainTests.swift in Sources */ = {isa = PBXBuildFile; fileRef = BA0000000000000000000039 /* LibraryDomainTests.swift */; };
		BA0000000000000000000118 /* LibraryRepositoryTests.swift in Sources */ = {isa = PBXBuildFile; fileRef = BA0000000000000000000040 /* LibraryRepositoryTests.swift */; };
		BA0000000000000000000119 /* MigrationTests.swift in Sources */ = {isa = PBXBuildFile; fileRef = BA0000000000000000000041 /* MigrationTests.swift */; };
		BA0000000000000000000120 /* BookEditorDraft.swift in Sources */ = {isa = PBXBuildFile; fileRef = BA0000000000000000000042 /* BookEditorDraft.swift */; };
		BA0000000000000000000121 /* LibraryCatalogService.swift in Sources */ = {isa = PBXBuildFile; fileRef = BA0000000000000000000043 /* LibraryCatalogService.swift */; };
		BA0000000000000000000122 /* LibraryStore.swift in Sources */ = {isa = PBXBuildFile; fileRef = BA0000000000000000000044 /* LibraryStore.swift */; };
		BA0000000000000000000123 /* BookDetailView.swift in Sources */ = {isa = PBXBuildFile; fileRef = BA0000000000000000000045 /* BookDetailView.swift */; };
		BA0000000000000000000124 /* BookEditorSheet.swift in Sources */ = {isa = PBXBuildFile; fileRef = BA0000000000000000000046 /* BookEditorSheet.swift */; };
		BA0000000000000000000128 /* EscapeKeyMonitor.swift in Sources */ = {isa = PBXBuildFile; fileRef = BA0000000000000000000051 /* EscapeKeyMonitor.swift */; };
		BA0000000000000000000129 /* LibraryQuery.swift in Sources */ = {isa = PBXBuildFile; fileRef = BA0000000000000000000052 /* LibraryQuery.swift */; };
		BA0000000000000000000130 /* CatalogOrganizerStore.swift in Sources */ = {isa = PBXBuildFile; fileRef = BA0000000000000000000053 /* CatalogOrganizerStore.swift */; };
		BA0000000000000000000131 /* CatalogManagementViews.swift in Sources */ = {isa = PBXBuildFile; fileRef = BA0000000000000000000054 /* CatalogManagementViews.swift */; };
		BA0000000000000000000132 /* LibraryQueryTests.swift in Sources */ = {isa = PBXBuildFile; fileRef = BA0000000000000000000055 /* LibraryQueryTests.swift */; };
		BA0000000000000000000133 /* CatalogManagementTests.swift in Sources */ = {isa = PBXBuildFile; fileRef = BA0000000000000000000056 /* CatalogManagementTests.swift */; };
		BA0000000000000000000134 /* LibraryQueryBenchmarkTests.swift in Sources */ = {isa = PBXBuildFile; fileRef = BA0000000000000000000057 /* LibraryQueryBenchmarkTests.swift */; };
		BA0000000000000000000135 /* DuplicateDetection.swift in Sources */ = {isa = PBXBuildFile; fileRef = BA0000000000000000000058 /* DuplicateDetection.swift */; };
		BA0000000000000000000136 /* BookMerge.swift in Sources */ = {isa = PBXBuildFile; fileRef = BA0000000000000000000059 /* BookMerge.swift */; };
		BA0000000000000000000137 /* DuplicateNormalizationTests.swift in Sources */ = {isa = PBXBuildFile; fileRef = BA0000000000000000000060 /* DuplicateNormalizationTests.swift */; };
		BA0000000000000000000138 /* DuplicateDetectionTests.swift in Sources */ = {isa = PBXBuildFile; fileRef = BA0000000000000000000061 /* DuplicateDetectionTests.swift */; };
		BA0000000000000000000139 /* DuplicateReviewView.swift in Sources */ = {isa = PBXBuildFile; fileRef = BA0000000000000000000062 /* DuplicateReviewView.swift */; };
		BA0000000000000000000140 /* BookMergeTests.swift in Sources */ = {isa = PBXBuildFile; fileRef = BA0000000000000000000063 /* BookMergeTests.swift */; };
		BA0000000000000000000141 /* Portability.swift in Sources */ = {isa = PBXBuildFile; fileRef = BA0000000000000000000064 /* Portability.swift */; };
		BA0000000000000000000142 /* LibraryPortability.swift in Sources */ = {isa = PBXBuildFile; fileRef = BA0000000000000000000065 /* LibraryPortability.swift */; };
		BA0000000000000000000143 /* PortabilityStore.swift in Sources */ = {isa = PBXBuildFile; fileRef = BA0000000000000000000066 /* PortabilityStore.swift */; };
		BA0000000000000000000144 /* DataPortabilityView.swift in Sources */ = {isa = PBXBuildFile; fileRef = BA0000000000000000000067 /* DataPortabilityView.swift */; };
		BA0000000000000000000145 /* PortabilityCSVTests.swift in Sources */ = {isa = PBXBuildFile; fileRef = BA0000000000000000000068 /* PortabilityCSVTests.swift */; };
		BA0000000000000000000146 /* BackupRestoreTests.swift in Sources */ = {isa = PBXBuildFile; fileRef = BA0000000000000000000069 /* BackupRestoreTests.swift */; };
		BA0000000000000000000147 /* PortabilityPerformanceTests.swift in Sources */ = {isa = PBXBuildFile; fileRef = BA0000000000000000000070 /* PortabilityPerformanceTests.swift */; };
		BA0000000000000000000148 /* PortabilityStoreTests.swift in Sources */ = {isa = PBXBuildFile; fileRef = BA0000000000000000000071 /* PortabilityStoreTests.swift */; };
		BA0000000000000000000149 /* GraphProjection.swift in Sources */ = {isa = PBXBuildFile; fileRef = BA0000000000000000000072 /* GraphProjection.swift */; };
		BA0000000000000000000150 /* LibraryGraphProjection.swift in Sources */ = {isa = PBXBuildFile; fileRef = BA0000000000000000000073 /* LibraryGraphProjection.swift */; };
		BA0000000000000000000151 /* GraphStore.swift in Sources */ = {isa = PBXBuildFile; fileRef = BA0000000000000000000074 /* GraphStore.swift */; };
		BA0000000000000000000152 /* GraphProjectionTests.swift in Sources */ = {isa = PBXBuildFile; fileRef = BA0000000000000000000075 /* GraphProjectionTests.swift */; };
		BA0000000000000000000153 /* GraphStoreTests.swift in Sources */ = {isa = PBXBuildFile; fileRef = BA0000000000000000000076 /* GraphStoreTests.swift */; };
		BA0000000000000000000154 /* GraphPerformanceTests.swift in Sources */ = {isa = PBXBuildFile; fileRef = BA0000000000000000000077 /* GraphPerformanceTests.swift */; };
		BA0000000000000000000125 /* BookEditorDraftTests.swift in Sources */ = {isa = PBXBuildFile; fileRef = BA0000000000000000000047 /* BookEditorDraftTests.swift */; };
		BA0000000000000000000126 /* LibraryCatalogServiceTests.swift in Sources */ = {isa = PBXBuildFile; fileRef = BA0000000000000000000048 /* LibraryCatalogServiceTests.swift */; };
		BA0000000000000000000127 /* LibraryStoreTests.swift in Sources */ = {isa = PBXBuildFile; fileRef = BA0000000000000000000049 /* LibraryStoreTests.swift */; };
/* End PBXBuildFile section */

/* Begin PBXFileReference section */
		BA0000000000000000000010 /* BookAtlasApp.swift */ = {isa = PBXFileReference; lastKnownFileType = sourcecode.swift; path = BookAtlasApp.swift; sourceTree = "<group>"; };
		BA0000000000000000000011 /* AppNavigation.swift */ = {isa = PBXFileReference; lastKnownFileType = sourcecode.swift; path = AppNavigation.swift; sourceTree = "<group>"; };
		BA0000000000000000000012 /* AppShellView.swift */ = {isa = PBXFileReference; lastKnownFileType = sourcecode.swift; path = AppShellView.swift; sourceTree = "<group>"; };
		BA0000000000000000000013 /* LibraryPlaceholderView.swift */ = {isa = PBXFileReference; lastKnownFileType = sourcecode.swift; path = LibraryPlaceholderView.swift; sourceTree = "<group>"; };
		BA0000000000000000000014 /* CollectionsPlaceholderView.swift */ = {isa = PBXFileReference; lastKnownFileType = sourcecode.swift; path = CollectionsPlaceholderView.swift; sourceTree = "<group>"; };
		BA0000000000000000000015 /* TagsPlaceholderView.swift */ = {isa = PBXFileReference; lastKnownFileType = sourcecode.swift; path = TagsPlaceholderView.swift; sourceTree = "<group>"; };
		BA0000000000000000000016 /* GraphPlaceholderView.swift */ = {isa = PBXFileReference; lastKnownFileType = sourcecode.swift; path = GraphPlaceholderView.swift; sourceTree = "<group>"; };
		BA0000000000000000000017 /* SettingsPlaceholderView.swift */ = {isa = PBXFileReference; lastKnownFileType = sourcecode.swift; path = SettingsPlaceholderView.swift; sourceTree = "<group>"; };
		BA0000000000000000000018 /* BookAtlasDesign.swift */ = {isa = PBXFileReference; lastKnownFileType = sourcecode.swift; path = BookAtlasDesign.swift; sourceTree = "<group>"; };
		BA0000000000000000000019 /* PlaceholderViews.swift */ = {isa = PBXFileReference; lastKnownFileType = sourcecode.swift; path = PlaceholderViews.swift; sourceTree = "<group>"; };
		BA0000000000000000000020 /* BookAtlas.entitlements */ = {isa = PBXFileReference; lastKnownFileType = text.plist.entitlements; path = BookAtlas.entitlements; sourceTree = "<group>"; };
		BA0000000000000000000021 /* BookAtlas.app */ = {isa = PBXFileReference; explicitFileType = wrapper.application; includeInIndex = 0; path = BookAtlas.app; sourceTree = BUILT_PRODUCTS_DIR; };
		BA0000000000000000000022 /* AppNavigationTests.swift */ = {isa = PBXFileReference; lastKnownFileType = sourcecode.swift; path = AppNavigationTests.swift; sourceTree = "<group>"; };
		BA0000000000000000000023 /* BookAtlasTests.xctest */ = {isa = PBXFileReference; explicitFileType = wrapper.cfbundle; includeInIndex = 0; path = BookAtlasTests.xctest; sourceTree = BUILT_PRODUCTS_DIR; };
		BA0000000000000000000024 /* BookAtlasUITests.swift */ = {isa = PBXFileReference; lastKnownFileType = sourcecode.swift; path = BookAtlasUITests.swift; sourceTree = "<group>"; };
		BA0000000000000000000025 /* BookAtlasUITests.xctest */ = {isa = PBXFileReference; explicitFileType = wrapper.cfbundle; includeInIndex = 0; path = BookAtlasUITests.xctest; sourceTree = BUILT_PRODUCTS_DIR; };
		BA0000000000000000000034 /* LibraryDomain.swift */ = {isa = PBXFileReference; lastKnownFileType = sourcecode.swift; path = LibraryDomain.swift; sourceTree = "<group>"; };
		BA0000000000000000000035 /* SQLiteDatabase.swift */ = {isa = PBXFileReference; lastKnownFileType = sourcecode.swift; path = SQLiteDatabase.swift; sourceTree = "<group>"; };
		BA0000000000000000000036 /* LibraryRepository.swift */ = {isa = PBXFileReference; lastKnownFileType = sourcecode.swift; path = LibraryRepository.swift; sourceTree = "<group>"; };
		BA0000000000000000000038 /* FictionalLibraryFixtures.swift */ = {isa = PBXFileReference; lastKnownFileType = sourcecode.swift; path = FictionalLibraryFixtures.swift; sourceTree = "<group>"; };
		BA0000000000000000000039 /* LibraryDomainTests.swift */ = {isa = PBXFileReference; lastKnownFileType = sourcecode.swift; path = LibraryDomainTests.swift; sourceTree = "<group>"; };
		BA0000000000000000000040 /* LibraryRepositoryTests.swift */ = {isa = PBXFileReference; lastKnownFileType = sourcecode.swift; path = LibraryRepositoryTests.swift; sourceTree = "<group>"; };
		BA0000000000000000000041 /* MigrationTests.swift */ = {isa = PBXFileReference; lastKnownFileType = sourcecode.swift; path = MigrationTests.swift; sourceTree = "<group>"; };
		BA0000000000000000000042 /* BookEditorDraft.swift */ = {isa = PBXFileReference; lastKnownFileType = sourcecode.swift; path = BookEditorDraft.swift; sourceTree = "<group>"; };
		BA0000000000000000000043 /* LibraryCatalogService.swift */ = {isa = PBXFileReference; lastKnownFileType = sourcecode.swift; path = LibraryCatalogService.swift; sourceTree = "<group>"; };
		BA0000000000000000000044 /* LibraryStore.swift */ = {isa = PBXFileReference; lastKnownFileType = sourcecode.swift; path = LibraryStore.swift; sourceTree = "<group>"; };
		BA0000000000000000000045 /* BookDetailView.swift */ = {isa = PBXFileReference; lastKnownFileType = sourcecode.swift; path = BookDetailView.swift; sourceTree = "<group>"; };
		BA0000000000000000000046 /* BookEditorSheet.swift */ = {isa = PBXFileReference; lastKnownFileType = sourcecode.swift; path = BookEditorSheet.swift; sourceTree = "<group>"; };
		BA0000000000000000000047 /* BookEditorDraftTests.swift */ = {isa = PBXFileReference; lastKnownFileType = sourcecode.swift; path = BookEditorDraftTests.swift; sourceTree = "<group>"; };
		BA0000000000000000000048 /* LibraryCatalogServiceTests.swift */ = {isa = PBXFileReference; lastKnownFileType = sourcecode.swift; path = LibraryCatalogServiceTests.swift; sourceTree = "<group>"; };
		BA0000000000000000000049 /* LibraryStoreTests.swift */ = {isa = PBXFileReference; lastKnownFileType = sourcecode.swift; path = LibraryStoreTests.swift; sourceTree = "<group>"; };
		BA0000000000000000000051 /* EscapeKeyMonitor.swift */ = {isa = PBXFileReference; lastKnownFileType = sourcecode.swift; path = EscapeKeyMonitor.swift; sourceTree = "<group>"; };
		BA0000000000000000000052 /* LibraryQuery.swift */ = {isa = PBXFileReference; lastKnownFileType = sourcecode.swift; path = LibraryQuery.swift; sourceTree = "<group>"; };
		BA0000000000000000000053 /* CatalogOrganizerStore.swift */ = {isa = PBXFileReference; lastKnownFileType = sourcecode.swift; path = CatalogOrganizerStore.swift; sourceTree = "<group>"; };
		BA0000000000000000000054 /* CatalogManagementViews.swift */ = {isa = PBXFileReference; lastKnownFileType = sourcecode.swift; path = CatalogManagementViews.swift; sourceTree = "<group>"; };
		BA0000000000000000000055 /* LibraryQueryTests.swift */ = {isa = PBXFileReference; lastKnownFileType = sourcecode.swift; path = LibraryQueryTests.swift; sourceTree = "<group>"; };
		BA0000000000000000000056 /* CatalogManagementTests.swift */ = {isa = PBXFileReference; lastKnownFileType = sourcecode.swift; path = CatalogManagementTests.swift; sourceTree = "<group>"; };
		BA0000000000000000000057 /* LibraryQueryBenchmarkTests.swift */ = {isa = PBXFileReference; lastKnownFileType = sourcecode.swift; path = LibraryQueryBenchmarkTests.swift; sourceTree = "<group>"; };
		BA0000000000000000000058 /* DuplicateDetection.swift */ = {isa = PBXFileReference; lastKnownFileType = sourcecode.swift; path = DuplicateDetection.swift; sourceTree = "<group>"; };
		BA0000000000000000000059 /* BookMerge.swift */ = {isa = PBXFileReference; lastKnownFileType = sourcecode.swift; path = BookMerge.swift; sourceTree = "<group>"; };
		BA0000000000000000000060 /* DuplicateNormalizationTests.swift */ = {isa = PBXFileReference; lastKnownFileType = sourcecode.swift; path = DuplicateNormalizationTests.swift; sourceTree = "<group>"; };
		BA0000000000000000000061 /* DuplicateDetectionTests.swift */ = {isa = PBXFileReference; lastKnownFileType = sourcecode.swift; path = DuplicateDetectionTests.swift; sourceTree = "<group>"; };
		BA0000000000000000000062 /* DuplicateReviewView.swift */ = {isa = PBXFileReference; lastKnownFileType = sourcecode.swift; path = DuplicateReviewView.swift; sourceTree = "<group>"; };
		BA0000000000000000000063 /* BookMergeTests.swift */ = {isa = PBXFileReference; lastKnownFileType = sourcecode.swift; path = BookMergeTests.swift; sourceTree = "<group>"; };
		BA0000000000000000000064 /* Portability.swift */ = {isa = PBXFileReference; lastKnownFileType = sourcecode.swift; path = Portability.swift; sourceTree = "<group>"; };
		BA0000000000000000000065 /* LibraryPortability.swift */ = {isa = PBXFileReference; lastKnownFileType = sourcecode.swift; path = LibraryPortability.swift; sourceTree = "<group>"; };
		BA0000000000000000000066 /* PortabilityStore.swift */ = {isa = PBXFileReference; lastKnownFileType = sourcecode.swift; path = PortabilityStore.swift; sourceTree = "<group>"; };
		BA0000000000000000000067 /* DataPortabilityView.swift */ = {isa = PBXFileReference; lastKnownFileType = sourcecode.swift; path = DataPortabilityView.swift; sourceTree = "<group>"; };
		BA0000000000000000000068 /* PortabilityCSVTests.swift */ = {isa = PBXFileReference; lastKnownFileType = sourcecode.swift; path = PortabilityCSVTests.swift; sourceTree = "<group>"; };
		BA0000000000000000000069 /* BackupRestoreTests.swift */ = {isa = PBXFileReference; lastKnownFileType = sourcecode.swift; path = BackupRestoreTests.swift; sourceTree = "<group>"; };
		BA0000000000000000000070 /* PortabilityPerformanceTests.swift */ = {isa = PBXFileReference; lastKnownFileType = sourcecode.swift; path = PortabilityPerformanceTests.swift; sourceTree = "<group>"; };
		BA0000000000000000000071 /* PortabilityStoreTests.swift */ = {isa = PBXFileReference; lastKnownFileType = sourcecode.swift; path = PortabilityStoreTests.swift; sourceTree = "<group>"; };
		BA0000000000000000000072 /* GraphProjection.swift */ = {isa = PBXFileReference; lastKnownFileType = sourcecode.swift; path = GraphProjection.swift; sourceTree = "<group>"; };
		BA0000000000000000000073 /* LibraryGraphProjection.swift */ = {isa = PBXFileReference; lastKnownFileType = sourcecode.swift; path = LibraryGraphProjection.swift; sourceTree = "<group>"; };
		BA0000000000000000000074 /* GraphStore.swift */ = {isa = PBXFileReference; lastKnownFileType = sourcecode.swift; path = GraphStore.swift; sourceTree = "<group>"; };
		BA0000000000000000000075 /* GraphProjectionTests.swift */ = {isa = PBXFileReference; lastKnownFileType = sourcecode.swift; path = GraphProjectionTests.swift; sourceTree = "<group>"; };
		BA0000000000000000000076 /* GraphStoreTests.swift */ = {isa = PBXFileReference; lastKnownFileType = sourcecode.swift; path = GraphStoreTests.swift; sourceTree = "<group>"; };
		BA0000000000000000000077 /* GraphPerformanceTests.swift */ = {isa = PBXFileReference; lastKnownFileType = sourcecode.swift; path = GraphPerformanceTests.swift; sourceTree = "<group>"; };
/* End PBXFileReference section */

/* Begin PBXFrameworksBuildPhase section */
		BA0000000000000000000202 /* Frameworks */ = {isa = PBXFrameworksBuildPhase; buildActionMask = 2147483647; files = (); runOnlyForDeploymentPostprocessing = 0; };
		BA0000000000000000000205 /* Frameworks */ = {isa = PBXFrameworksBuildPhase; buildActionMask = 2147483647; files = (); runOnlyForDeploymentPostprocessing = 0; };
		BA0000000000000000000207 /* Frameworks */ = {isa = PBXFrameworksBuildPhase; buildActionMask = 2147483647; files = (); runOnlyForDeploymentPostprocessing = 0; };
/* End PBXFrameworksBuildPhase section */

/* Begin PBXGroup section */
		BA0000000000000000000002 = {isa = PBXGroup; children = (BA0000000000000000000004 /* BookAtlas */, BA0000000000000000000005 /* BookAtlasTests */, BA0000000000000000000006 /* BookAtlasUITests */, BA0000000000000000000003 /* Products */, ); sourceTree = "<group>"; };
		BA0000000000000000000003 /* Products */ = {isa = PBXGroup; children = (BA0000000000000000000021 /* BookAtlas.app */, BA0000000000000000000023 /* BookAtlasTests.xctest */, BA0000000000000000000025 /* BookAtlasUITests.xctest */, ); name = Products; sourceTree = "<group>"; };
		BA0000000000000000000004 /* BookAtlas */ = {isa = PBXGroup; children = (BA0000000000000000000007 /* App */, BA0000000000000000000008 /* Features */, BA0000000000000000000009 /* Shared */, BA0000000000000000000032 /* Domain */, BA0000000000000000000033 /* Persistence */, ); path = BookAtlas; sourceTree = "<group>"; };
		BA0000000000000000000005 /* BookAtlasTests */ = {isa = PBXGroup; children = (BA0000000000000000000022 /* AppNavigationTests.swift */, BA0000000000000000000037 /* Fixtures */, BA0000000000000000000039 /* LibraryDomainTests.swift */, BA0000000000000000000040 /* LibraryRepositoryTests.swift */, BA0000000000000000000041 /* MigrationTests.swift */, BA0000000000000000000055 /* LibraryQueryTests.swift */, BA0000000000000000000056 /* CatalogManagementTests.swift */, BA0000000000000000000057 /* LibraryQueryBenchmarkTests.swift */, BA0000000000000000000060 /* DuplicateNormalizationTests.swift */, BA0000000000000000000061 /* DuplicateDetectionTests.swift */, BA0000000000000000000063 /* BookMergeTests.swift */, BA0000000000000000000068 /* PortabilityCSVTests.swift */, BA0000000000000000000069 /* BackupRestoreTests.swift */, BA0000000000000000000070 /* PortabilityPerformanceTests.swift */, BA0000000000000000000075 /* GraphProjectionTests.swift */, BA0000000000000000000077 /* GraphPerformanceTests.swift */, BA0000000000000000000050 /* Features */, ); path = BookAtlasTests; sourceTree = "<group>"; };
		BA0000000000000000000006 /* BookAtlasUITests */ = {isa = PBXGroup; children = (BA0000000000000000000024 /* BookAtlasUITests.swift */, ); path = BookAtlasUITests; sourceTree = "<group>"; };
		BA0000000000000000000007 /* App */ = {isa = PBXGroup; children = (BA0000000000000000000010 /* BookAtlasApp.swift */, BA0000000000000000000011 /* AppNavigation.swift */, BA0000000000000000000012 /* AppShellView.swift */, BA0000000000000000000020 /* BookAtlas.entitlements */, ); path = App; sourceTree = "<group>"; };
		BA0000000000000000000008 /* Features */ = {isa = PBXGroup; children = (BA0000000000000000000026 /* Library */, BA0000000000000000000027 /* Collections */, BA0000000000000000000028 /* Tags */, BA0000000000000000000029 /* Graph */, BA0000000000000000000030 /* Settings */, ); path = Features; sourceTree = "<group>"; };
		BA0000000000000000000009 /* Shared */ = {isa = PBXGroup; children = (BA0000000000000000000031 /* UI */, ); path = Shared; sourceTree = "<group>"; };
		BA0000000000000000000026 /* Library */ = {isa = PBXGroup; children = (BA0000000000000000000013 /* LibraryPlaceholderView.swift */, BA0000000000000000000042 /* BookEditorDraft.swift */, BA0000000000000000000043 /* LibraryCatalogService.swift */, BA0000000000000000000044 /* LibraryStore.swift */, BA0000000000000000000045 /* BookDetailView.swift */, BA0000000000000000000046 /* BookEditorSheet.swift */, BA0000000000000000000062 /* DuplicateReviewView.swift */, BA0000000000000000000051 /* EscapeKeyMonitor.swift */, BA0000000000000000000053 /* CatalogOrganizerStore.swift */, BA0000000000000000000054 /* CatalogManagementViews.swift */, ); path = Library; sourceTree = "<group>"; };
		BA0000000000000000000027 /* Collections */ = {isa = PBXGroup; children = (BA0000000000000000000014 /* CollectionsPlaceholderView.swift */, ); path = Collections; sourceTree = "<group>"; };
		BA0000000000000000000028 /* Tags */ = {isa = PBXGroup; children = (BA0000000000000000000015 /* TagsPlaceholderView.swift */, ); path = Tags; sourceTree = "<group>"; };
		BA0000000000000000000029 /* Graph */ = {isa = PBXGroup; children = (BA0000000000000000000016 /* GraphPlaceholderView.swift */, BA0000000000000000000074 /* GraphStore.swift */, ); path = Graph; sourceTree = "<group>"; };
		BA0000000000000000000030 /* Settings */ = {isa = PBXGroup; children = (BA0000000000000000000017 /* SettingsPlaceholderView.swift */, BA0000000000000000000066 /* PortabilityStore.swift */, BA0000000000000000000067 /* DataPortabilityView.swift */, ); path = Settings; sourceTree = "<group>"; };
		BA0000000000000000000031 /* UI */ = {isa = PBXGroup; children = (BA0000000000000000000018 /* BookAtlasDesign.swift */, BA0000000000000000000019 /* PlaceholderViews.swift */, ); path = UI; sourceTree = "<group>"; };
		BA0000000000000000000032 /* Domain */ = {isa = PBXGroup; children = (BA0000000000000000000034 /* LibraryDomain.swift */, BA0000000000000000000052 /* LibraryQuery.swift */, BA0000000000000000000058 /* DuplicateDetection.swift */, BA0000000000000000000059 /* BookMerge.swift */, BA0000000000000000000064 /* Portability.swift */, BA0000000000000000000072 /* GraphProjection.swift */, ); path = Domain; sourceTree = "<group>"; };
		BA0000000000000000000033 /* Persistence */ = {isa = PBXGroup; children = (BA0000000000000000000035 /* SQLiteDatabase.swift */, BA0000000000000000000036 /* LibraryRepository.swift */, BA0000000000000000000065 /* LibraryPortability.swift */, BA0000000000000000000073 /* LibraryGraphProjection.swift */, ); path = Persistence; sourceTree = "<group>"; };
		BA0000000000000000000037 /* Fixtures */ = {isa = PBXGroup; children = (BA0000000000000000000038 /* FictionalLibraryFixtures.swift */, ); path = Fixtures; sourceTree = "<group>"; };
		BA0000000000000000000050 /* Features */ = {isa = PBXGroup; children = (BA0000000000000000000047 /* BookEditorDraftTests.swift */, BA0000000000000000000048 /* LibraryCatalogServiceTests.swift */, BA0000000000000000000049 /* LibraryStoreTests.swift */, BA0000000000000000000071 /* PortabilityStoreTests.swift */, BA0000000000000000000076 /* GraphStoreTests.swift */, ); path = Features; sourceTree = "<group>"; };
/* End PBXGroup section */

/* Begin PBXNativeTarget section */
		BA0000000000000000000301 /* BookAtlas */ = {isa = PBXNativeTarget; buildConfigurationList = BA0000000000000000000412 /* Build configuration list for PBXNativeTarget "BookAtlas" */; buildPhases = (BA0000000000000000000201 /* Sources */, BA0000000000000000000202 /* Frameworks */, ); buildRules = (); dependencies = (); name = BookAtlas; productName = BookAtlas; productReference = BA0000000000000000000021 /* BookAtlas.app */; productType = "com.apple.product-type.application"; };
		BA0000000000000000000302 /* BookAtlasTests */ = {isa = PBXNativeTarget; buildConfigurationList = BA0000000000000000000422 /* Build configuration list for PBXNativeTarget "BookAtlasTests" */; buildPhases = (BA0000000000000000000204 /* Sources */, BA0000000000000000000205 /* Frameworks */, ); buildRules = (); dependencies = (BA0000000000000000000501 /* PBXTargetDependency */, ); name = BookAtlasTests; productName = BookAtlasTests; productReference = BA0000000000000000000023 /* BookAtlasTests.xctest */; productType = "com.apple.product-type.bundle.unit-test"; };
		BA0000000000000000000303 /* BookAtlasUITests */ = {isa = PBXNativeTarget; buildConfigurationList = BA0000000000000000000432 /* Build configuration list for PBXNativeTarget "BookAtlasUITests" */; buildPhases = (BA0000000000000000000206 /* Sources */, BA0000000000000000000207 /* Frameworks */, ); buildRules = (); dependencies = (BA0000000000000000000502 /* PBXTargetDependency */, ); name = BookAtlasUITests; productName = BookAtlasUITests; productReference = BA0000000000000000000025 /* BookAtlasUITests.xctest */; productType = "com.apple.product-type.bundle.ui-testing"; };
/* End PBXNativeTarget section */

/* Begin PBXProject section */
		BA0000000000000000000001 /* Project object */ = {isa = PBXProject; attributes = { LastUpgradeCheck = 2600; TargetAttributes = { BA0000000000000000000301 = { CreatedOnToolsVersion = 26.6; }; BA0000000000000000000302 = { CreatedOnToolsVersion = 26.6; TestTargetID = BA0000000000000000000301; }; BA0000000000000000000303 = { CreatedOnToolsVersion = 26.6; TestTargetID = BA0000000000000000000301; }; }; }; buildConfigurationList = BA0000000000000000000403 /* Build configuration list for PBXProject "BookAtlas" */; compatibilityVersion = "Xcode 14.0"; developmentRegion = en; hasScannedForEncodings = 0; knownRegions = (en, Base, ); mainGroup = BA0000000000000000000002; productRefGroup = BA0000000000000000000003 /* Products */; projectDirPath = ""; projectRoot = ""; targets = (BA0000000000000000000301 /* BookAtlas */, BA0000000000000000000302 /* BookAtlasTests */, BA0000000000000000000303 /* BookAtlasUITests */, ); };
/* End PBXProject section */

/* Begin PBXSourcesBuildPhase section */
		BA0000000000000000000201 /* Sources */ = {isa = PBXSourcesBuildPhase; buildActionMask = 2147483647; files = (BA0000000000000000000101 /* BookAtlasApp.swift in Sources */, BA0000000000000000000102 /* AppNavigation.swift in Sources */, BA0000000000000000000103 /* AppShellView.swift in Sources */, BA0000000000000000000104 /* LibraryPlaceholderView.swift in Sources */, BA0000000000000000000105 /* CollectionsPlaceholderView.swift in Sources */, BA0000000000000000000106 /* TagsPlaceholderView.swift in Sources */, BA0000000000000000000107 /* GraphPlaceholderView.swift in Sources */, BA0000000000000000000151 /* GraphStore.swift in Sources */, BA0000000000000000000108 /* SettingsPlaceholderView.swift in Sources */, BA0000000000000000000143 /* PortabilityStore.swift in Sources */, BA0000000000000000000144 /* DataPortabilityView.swift in Sources */, BA0000000000000000000109 /* BookAtlasDesign.swift in Sources */, BA0000000000000000000110 /* PlaceholderViews.swift in Sources */, BA0000000000000000000113 /* LibraryDomain.swift in Sources */, BA0000000000000000000129 /* LibraryQuery.swift in Sources */, BA0000000000000000000135 /* DuplicateDetection.swift in Sources */, BA0000000000000000000136 /* BookMerge.swift in Sources */, BA0000000000000000000141 /* Portability.swift in Sources */, BA0000000000000000000149 /* GraphProjection.swift in Sources */, BA0000000000000000000114 /* SQLiteDatabase.swift in Sources */, BA0000000000000000000115 /* LibraryRepository.swift in Sources */, BA0000000000000000000142 /* LibraryPortability.swift in Sources */, BA0000000000000000000150 /* LibraryGraphProjection.swift in Sources */, BA0000000000000000000120 /* BookEditorDraft.swift in Sources */, BA0000000000000000000121 /* LibraryCatalogService.swift in Sources */, BA0000000000000000000122 /* LibraryStore.swift in Sources */, BA0000000000000000000123 /* BookDetailView.swift in Sources */, BA0000000000000000000124 /* BookEditorSheet.swift in Sources */, BA0000000000000000000139 /* DuplicateReviewView.swift in Sources */, BA0000000000000000000128 /* EscapeKeyMonitor.swift in Sources */, BA0000000000000000000130 /* CatalogOrganizerStore.swift in Sources */, BA0000000000000000000131 /* CatalogManagementViews.swift in Sources */, ); runOnlyForDeploymentPostprocessing = 0; };
		BA0000000000000000000204 /* Sources */ = {isa = PBXSourcesBuildPhase; buildActionMask = 2147483647; files = (BA0000000000000000000111 /* AppNavigationTests.swift in Sources */, BA0000000000000000000116 /* FictionalLibraryFixtures.swift in Sources */, BA0000000000000000000117 /* LibraryDomainTests.swift in Sources */, BA0000000000000000000118 /* LibraryRepositoryTests.swift in Sources */, BA0000000000000000000119 /* MigrationTests.swift in Sources */, BA0000000000000000000132 /* LibraryQueryTests.swift in Sources */, BA0000000000000000000133 /* CatalogManagementTests.swift in Sources */, BA0000000000000000000134 /* LibraryQueryBenchmarkTests.swift in Sources */, BA0000000000000000000137 /* DuplicateNormalizationTests.swift in Sources */, BA0000000000000000000138 /* DuplicateDetectionTests.swift in Sources */, BA0000000000000000000140 /* BookMergeTests.swift in Sources */, BA0000000000000000000145 /* PortabilityCSVTests.swift in Sources */, BA0000000000000000000146 /* BackupRestoreTests.swift in Sources */, BA0000000000000000000147 /* PortabilityPerformanceTests.swift in Sources */, BA0000000000000000000152 /* GraphProjectionTests.swift in Sources */, BA0000000000000000000154 /* GraphPerformanceTests.swift in Sources */, BA0000000000000000000125 /* BookEditorDraftTests.swift in Sources */, BA0000000000000000000126 /* LibraryCatalogServiceTests.swift in Sources */, BA0000000000000000000127 /* LibraryStoreTests.swift in Sources */, BA0000000000000000000148 /* PortabilityStoreTests.swift in Sources */, BA0000000000000000000153 /* GraphStoreTests.swift in Sources */, ); runOnlyForDeploymentPostprocessing = 0; };
		BA0000000000000000000206 /* Sources */ = {isa = PBXSourcesBuildPhase; buildActionMask = 2147483647; files = (BA0000000000000000000112 /* BookAtlasUITests.swift in Sources */, ); runOnlyForDeploymentPostprocessing = 0; };
/* End PBXSourcesBuildPhase section */

/* Begin PBXTargetDependency section */
		BA0000000000000000000501 /* PBXTargetDependency */ = {isa = PBXTargetDependency; target = BA0000000000000000000301 /* BookAtlas */; };
		BA0000000000000000000502 /* PBXTargetDependency */ = {isa = PBXTargetDependency; target = BA0000000000000000000301 /* BookAtlas */; };
/* End PBXTargetDependency section */

/* Begin XCBuildConfiguration section */
		BA0000000000000000000401 /* Debug */ = {isa = XCBuildConfiguration; buildSettings = { CLANG_ENABLE_MODULES = YES; MACOSX_DEPLOYMENT_TARGET = 14.0; SDKROOT = macosx; SWIFT_VERSION = 6.0; }; name = Debug; };
		BA0000000000000000000402 /* Release */ = {isa = XCBuildConfiguration; buildSettings = { CLANG_ENABLE_MODULES = YES; MACOSX_DEPLOYMENT_TARGET = 14.0; SDKROOT = macosx; SWIFT_VERSION = 6.0; }; name = Release; };
		BA0000000000000000000410 /* Debug */ = {isa = XCBuildConfiguration; buildSettings = { ARCHS = arm64; CODE_SIGN_ENTITLEMENTS = BookAtlas/App/BookAtlas.entitlements; CODE_SIGN_IDENTITY = "-"; CODE_SIGN_STYLE = Manual; CURRENT_PROJECT_VERSION = 1; ENABLE_TESTABILITY = YES; GENERATE_INFOPLIST_FILE = YES; INFOPLIST_KEY_CFBundleDisplayName = "Book Atlas"; MACOSX_DEPLOYMENT_TARGET = 14.0; MARKETING_VERSION = 0.1.0; OTHER_LDFLAGS = "-lsqlite3"; PRODUCT_BUNDLE_IDENTIFIER = com.example.BookAtlas; PRODUCT_NAME = "$(TARGET_NAME)"; SWIFT_VERSION = 6.0; }; name = Debug; };
		BA0000000000000000000411 /* Release */ = {isa = XCBuildConfiguration; buildSettings = { CODE_SIGN_ENTITLEMENTS = BookAtlas/App/BookAtlas.entitlements; CODE_SIGN_IDENTITY = "-"; CODE_SIGN_STYLE = Manual; CURRENT_PROJECT_VERSION = 1; GENERATE_INFOPLIST_FILE = YES; INFOPLIST_KEY_CFBundleDisplayName = "Book Atlas"; MACOSX_DEPLOYMENT_TARGET = 14.0; MARKETING_VERSION = 0.1.0; OTHER_LDFLAGS = "-lsqlite3"; PRODUCT_BUNDLE_IDENTIFIER = com.example.BookAtlas; PRODUCT_NAME = "$(TARGET_NAME)"; SWIFT_VERSION = 6.0; }; name = Release; };
		BA0000000000000000000420 /* Debug */ = {isa = XCBuildConfiguration; buildSettings = { ARCHS = arm64; BUNDLE_LOADER = "$(TEST_HOST)"; CODE_SIGN_IDENTITY = "-"; CODE_SIGN_STYLE = Manual; GENERATE_INFOPLIST_FILE = YES; PRODUCT_BUNDLE_IDENTIFIER = com.example.BookAtlasTests; PRODUCT_NAME = "$(TARGET_NAME)"; SWIFT_VERSION = 6.0; TEST_HOST = "$(BUILT_PRODUCTS_DIR)/BookAtlas.app/Contents/MacOS/BookAtlas"; }; name = Debug; };
		BA0000000000000000000421 /* Release */ = {isa = XCBuildConfiguration; buildSettings = { BUNDLE_LOADER = "$(TEST_HOST)"; CODE_SIGN_IDENTITY = "-"; CODE_SIGN_STYLE = Manual; GENERATE_INFOPLIST_FILE = YES; PRODUCT_BUNDLE_IDENTIFIER = com.example.BookAtlasTests; PRODUCT_NAME = "$(TARGET_NAME)"; SWIFT_VERSION = 6.0; TEST_HOST = "$(BUILT_PRODUCTS_DIR)/BookAtlas.app/Contents/MacOS/BookAtlas"; }; name = Release; };
		BA0000000000000000000430 /* Debug */ = {isa = XCBuildConfiguration; buildSettings = { ARCHS = arm64; CODE_SIGN_IDENTITY = "-"; CODE_SIGN_STYLE = Manual; GENERATE_INFOPLIST_FILE = YES; PRODUCT_BUNDLE_IDENTIFIER = com.example.BookAtlasUITests; PRODUCT_NAME = "$(TARGET_NAME)"; SWIFT_VERSION = 6.0; TEST_TARGET_NAME = BookAtlas; }; name = Debug; };
		BA0000000000000000000431 /* Release */ = {isa = XCBuildConfiguration; buildSettings = { CODE_SIGN_IDENTITY = "-"; CODE_SIGN_STYLE = Manual; GENERATE_INFOPLIST_FILE = YES; PRODUCT_BUNDLE_IDENTIFIER = com.example.BookAtlasUITests; PRODUCT_NAME = "$(TARGET_NAME)"; SWIFT_VERSION = 6.0; TEST_TARGET_NAME = BookAtlas; }; name = Release; };
/* End XCBuildConfiguration section */

/* Begin XCConfigurationList section */
		BA0000000000000000000403 /* Build configuration list for PBXProject "BookAtlas" */ = {isa = XCConfigurationList; buildConfigurations = (BA0000000000000000000401 /* Debug */, BA0000000000000000000402 /* Release */, ); defaultConfigurationIsVisible = 0; defaultConfigurationName = Release; };
		BA0000000000000000000412 /* Build configuration list for PBXNativeTarget "BookAtlas" */ = {isa = XCConfigurationList; buildConfigurations = (BA0000000000000000000410 /* Debug */, BA0000000000000000000411 /* Release */, ); defaultConfigurationIsVisible = 0; defaultConfigurationName = Release; };
		BA0000000000000000000422 /* Build configuration list for PBXNativeTarget "BookAtlasTests" */ = {isa = XCConfigurationList; buildConfigurations = (BA0000000000000000000420 /* Debug */, BA0000000000000000000421 /* Release */, ); defaultConfigurationIsVisible = 0; defaultConfigurationName = Release; };
		BA0000000000000000000432 /* Build configuration list for PBXNativeTarget "BookAtlasUITests" */ = {isa = XCConfigurationList; buildConfigurations = (BA0000000000000000000430 /* Debug */, BA0000000000000000000431 /* Release */, ); defaultConfigurationIsVisible = 0; defaultConfigurationName = Release; };
/* End XCConfigurationList section */
	};
	rootObject = BA0000000000000000000001 /* Project object */;
}
